// !$*UTF8*$!
{
	archiveVersion = 1;
	classes = {
	};
	objectVersion = 50;
	objects = {

/* Begin PBXBuildFile section */
		007F443EE0009F64E6A234A8 /* MyDiggingView.swift in Sources */ = {isa = PBXBuildFile; fileRef = 89F330BA7AE83C1B5C1CA095 /* MyDiggingView.swift */; };
		3664C04CAA5567E4C0A78DC2 /* Preview Assets.xcassets in Resources */ = {isa = PBXBuildFile; fileRef = E2056B7FC025772847992D21 /* Preview Assets.xcassets */; };
		39170C7E0BD4655736215966 /* Bundle+Digging.swift in Sources */ = {isa = PBXBuildFile; fileRef = 2DA6B5652C18C4CB13FE4B0C /* Bundle+Digging.swift */; };
		414F118E55293F0DFC4E9085 /* SceneDelegate.swift in Sources */ = {isa = PBXBuildFile; fileRef = F37E985E894FDD37C7F91F61 /* SceneDelegate.swift */; };
		433045115D2F351E6ABB9BB5 /* MainTabBarView.swift in Sources */ = {isa = PBXBuildFile; fileRef = ECF6165D6283F65BC9A3C804 /* MainTabBarView.swift */; };
		63660EB1A1D1AFB2AB3543B8 /* MainIdeaStorageView.swift in Sources */ = {isa = PBXBuildFile; fileRef = 130DB43064C8C0659C1BF970 /* MainIdeaStorageView.swift */; };
		66A2A8E6521D5BEEA3C33248 /* Assets+Digging.swift in Sources */ = {isa = PBXBuildFile; fileRef = 9CE33033C2184F5D2A91BC1B /* Assets+Digging.swift */; };
		6EA3A82AC5C3ACBD4DEF8A5A /* SearchDiggingView.swift in Sources */ = {isa = PBXBuildFile; fileRef = 4DBD03A6E1978160CD64BAAB /* SearchDiggingView.swift */; };
		758D302883D168AE9BD14B63 /* LaunchScreen.storyboard in Resources */ = {isa = PBXBuildFile; fileRef = FC223559501909541083C87C /* LaunchScreen.storyboard */; };
		7E5BAA795CADD92E019C52DF /* Assets.xcassets in Resources */ = {isa = PBXBuildFile; fileRef = 9494543B16ACEDC9516FABDC /* Assets.xcassets */; };
		ABE3359F784AB145EC3C5D74 /* AppDelegate.swift in Sources */ = {isa = PBXBuildFile; fileRef = A32AD09CEA41A205E222DB45 /* AppDelegate.swift */; };
		AEF37881513EFC0CC1636D21 /* DiggingFolderView.swift in Sources */ = {isa = PBXBuildFile; fileRef = 74ED639D87DDC868ADBD10BB /* DiggingFolderView.swift */; };
/* End PBXBuildFile section */

/* Begin PBXCopyFilesBuildPhase section */
		171F294B350FDDAF25EFF1AD /* Embed Frameworks */ = {
			isa = PBXCopyFilesBuildPhase;
			buildActionMask = 2147483647;
			dstPath = "";
			dstSubfolderSpec = 10;
			files = (
			);
			name = "Embed Frameworks";
			runOnlyForDeploymentPostprocessing = 0;
		};
/* End PBXCopyFilesBuildPhase section */

/* Begin PBXFileReference section */
		130DB43064C8C0659C1BF970 /* MainIdeaStorageView.swift */ = {isa = PBXFileReference; lastKnownFileType = sourcecode.swift; path = MainIdeaStorageView.swift; sourceTree = "<group>"; };
		2DA6B5652C18C4CB13FE4B0C /* Bundle+Digging.swift */ = {isa = PBXFileReference; lastKnownFileType = sourcecode.swift; path = "Bundle+Digging.swift"; sourceTree = "<group>"; };
		4A6DE74F37D8A36486C72DE5 /* Base */ = {isa = PBXFileReference; lastKnownFileType = file.storyboard; name = Base; path = Base.lproj/LaunchScreen.storyboard; sourceTree = "<group>"; };
		4DBD03A6E1978160CD64BAAB /* SearchDiggingView.swift */ = {isa = PBXFileReference; lastKnownFileType = sourcecode.swift; path = SearchDiggingView.swift; sourceTree = "<group>"; };
		74ED639D87DDC868ADBD10BB /* DiggingFolderView.swift */ = {isa = PBXFileReference; lastKnownFileType = sourcecode.swift; path = DiggingFolderView.swift; sourceTree = "<group>"; };
		805957809EA04A186671C02A /* Digging.app */ = {isa = PBXFileReference; explicitFileType = wrapper.application; includeInIndex = 0; path = Digging.app; sourceTree = BUILT_PRODUCTS_DIR; };
		89F330BA7AE83C1B5C1CA095 /* MyDiggingView.swift */ = {isa = PBXFileReference; lastKnownFileType = sourcecode.swift; path = MyDiggingView.swift; sourceTree = "<group>"; };
		9494543B16ACEDC9516FABDC /* Assets.xcassets */ = {isa = PBXFileReference; lastKnownFileType = folder.assetcatalog; path = Assets.xcassets; sourceTree = "<group>"; };
		9CE33033C2184F5D2A91BC1B /* Assets+Digging.swift */ = {isa = PBXFileReference; lastKnownFileType = sourcecode.swift; path = "Assets+Digging.swift"; sourceTree = "<group>"; };
		A32AD09CEA41A205E222DB45 /* AppDelegate.swift */ = {isa = PBXFileReference; lastKnownFileType = sourcecode.swift; path = AppDelegate.swift; sourceTree = "<group>"; };
		B74F68F63E322BBE8A97162C /* Info.plist */ = {isa = PBXFileReference; lastKnownFileType = text.plist; path = Info.plist; sourceTree = "<group>"; };
		E2056B7FC025772847992D21 /* Preview Assets.xcassets */ = {isa = PBXFileReference; lastKnownFileType = folder.assetcatalog; path = "Preview Assets.xcassets"; sourceTree = "<group>"; };
		ECF6165D6283F65BC9A3C804 /* MainTabBarView.swift */ = {isa = PBXFileReference; lastKnownFileType = sourcecode.swift; path = MainTabBarView.swift; sourceTree = "<group>"; };
		F37E985E894FDD37C7F91F61 /* SceneDelegate.swift */ = {isa = PBXFileReference; lastKnownFileType = sourcecode.swift; path = SceneDelegate.swift; sourceTree = "<group>"; };
/* End PBXFileReference section */

/* Begin PBXFrameworksBuildPhase section */
		6641A35744A09B702AD76458 /* Frameworks */ = {
			isa = PBXFrameworksBuildPhase;
			buildActionMask = 2147483647;
			files = (
			);
			runOnlyForDeploymentPostprocessing = 0;
		};
/* End PBXFrameworksBuildPhase section */

/* Begin PBXGroup section */
		050C572DE1C0E0664225D2EE /* MainIdeaStorage */ = {
			isa = PBXGroup;
			children = (
				8CB3832F63363FE65593F295 /* FolderView */,
				130DB43064C8C0659C1BF970 /* MainIdeaStorageView.swift */,
			);
			path = MainIdeaStorage;
			sourceTree = "<group>";
		};
		0C192C260C568AFE8EDDF231 /* TabBar */ = {
			isa = PBXGroup;
			children = (
				ECF6165D6283F65BC9A3C804 /* MainTabBarView.swift */,
			);
			path = TabBar;
			sourceTree = "<group>";
		};
		0D7AD4FF1DBF98306C9A497D /* Preview Content */ = {
			isa = PBXGroup;
			children = (
				E2056B7FC025772847992D21 /* Preview Assets.xcassets */,
			);
			path = "Preview Content";
			sourceTree = "<group>";
		};
		16194C382C1EFD1A6FEF68CB /* SearchDigging */ = {
			isa = PBXGroup;
			children = (
				4DBD03A6E1978160CD64BAAB /* SearchDiggingView.swift */,
			);
			path = SearchDigging;
			sourceTree = "<group>";
		};
		1973101348B995E2601C85B8 /* Views */ = {
			isa = PBXGroup;
			children = (
				050C572DE1C0E0664225D2EE /* MainIdeaStorage */,
				29C2716F1029946A3D3A9741 /* MyDigging */,
				16194C382C1EFD1A6FEF68CB /* SearchDigging */,
				0C192C260C568AFE8EDDF231 /* TabBar */,
			);
			path = Views;
			sourceTree = "<group>";
		};
		23AF1522FCE8ED57DA1BBB6B /* Derived */ = {
			isa = PBXGroup;
			children = (
				2B0756C06DA38374A2CD20FA /* Sources */,
			);
			path = Derived;
			sourceTree = "<group>";
		};
		29C2716F1029946A3D3A9741 /* MyDigging */ = {
			isa = PBXGroup;
			children = (
				89F330BA7AE83C1B5C1CA095 /* MyDiggingView.swift */,
			);
			path = MyDigging;
			sourceTree = "<group>";
		};
		2B0756C06DA38374A2CD20FA /* Sources */ = {
			isa = PBXGroup;
			children = (
				9CE33033C2184F5D2A91BC1B /* Assets+Digging.swift */,
				2DA6B5652C18C4CB13FE4B0C /* Bundle+Digging.swift */,
			);
			path = Sources;
			sourceTree = "<group>";
		};
		3D4EB67F89F7BAB7DD5BD590 /* Frameworks */ = {
			isa = PBXGroup;
			children = (
			);
			name = Frameworks;
			sourceTree = "<group>";
		};
		6D2CA6D623A41D540E8E77E1 /* Project */ = {
			isa = PBXGroup;
			children = (
				23AF1522FCE8ED57DA1BBB6B /* Derived */,
				EAEEC80EB0DCB081D4E73226 /* Digging */,
			);
			name = Project;
			sourceTree = "<group>";
		};
		8CB3832F63363FE65593F295 /* FolderView */ = {
			isa = PBXGroup;
			children = (
				74ED639D87DDC868ADBD10BB /* DiggingFolderView.swift */,
			);
			path = FolderView;
			sourceTree = "<group>";
		};
		C52B171DC5975910C046ACD7 /* Core */ = {
			isa = PBXGroup;
			children = (
				A32AD09CEA41A205E222DB45 /* AppDelegate.swift */,
				F37E985E894FDD37C7F91F61 /* SceneDelegate.swift */,
			);
			path = Core;
			sourceTree = "<group>";
		};
		E19ADEF650FB8EE35DFF6131 /* SupportFiles */ = {
			isa = PBXGroup;
			children = (
				FC223559501909541083C87C /* LaunchScreen.storyboard */,
				0D7AD4FF1DBF98306C9A497D /* Preview Content */,
				9494543B16ACEDC9516FABDC /* Assets.xcassets */,
			);
			path = SupportFiles;
			sourceTree = "<group>";
		};
		EAEEC80EB0DCB081D4E73226 /* Digging */ = {
			isa = PBXGroup;
			children = (
				C52B171DC5975910C046ACD7 /* Core */,
				E19ADEF650FB8EE35DFF6131 /* SupportFiles */,
				1973101348B995E2601C85B8 /* Views */,
				B74F68F63E322BBE8A97162C /* Info.plist */,
			);
			path = Digging;
			sourceTree = "<group>";
		};
		EDD16E30217E827E92768453 = {
			isa = PBXGroup;
			children = (
				6D2CA6D623A41D540E8E77E1 /* Project */,
				3D4EB67F89F7BAB7DD5BD590 /* Frameworks */,
				F038A4F946FF2ED4013F6898 /* Products */,
			);
			sourceTree = "<group>";
		};
		F038A4F946FF2ED4013F6898 /* Products */ = {
			isa = PBXGroup;
			children = (
				805957809EA04A186671C02A /* Digging.app */,
			);
			name = Products;
			sourceTree = "<group>";
		};
/* End PBXGroup section */

/* Begin PBXNativeTarget section */
		0622CE87ECAF140F11497188 /* Digging */ = {
			isa = PBXNativeTarget;
			buildConfigurationList = 7B57BA7E92D1D8471212E1EC /* Build configuration list for PBXNativeTarget "Digging" */;
			buildPhases = (
				60AB93AC647FC0B0BC49E0FC /* Sources */,
				D416297E3EE6E7C3612D8122 /* Resources */,
				2C949033DD1707DEBB8DFBEE /* Embed Precompiled Frameworks */,
				171F294B350FDDAF25EFF1AD /* Embed Frameworks */,
				6641A35744A09B702AD76458 /* Frameworks */,
			);
			buildRules = (
			);
			dependencies = (
			);
			name = Digging;
			productName = Digging;
			productReference = 805957809EA04A186671C02A /* Digging.app */;
			productType = "com.apple.product-type.application";
		};
/* End PBXNativeTarget section */

/* Begin PBXProject section */
		E11ED29F62DD60B2478EC92D /* Project object */ = {
			isa = PBXProject;
			attributes = {
				TargetAttributes = {
				};
			};
			buildConfigurationList = D2EF5AE6396E636CC18A4655 /* Build configuration list for PBXProject "Digging" */;
			compatibilityVersion = "Xcode 9.3";
			developmentRegion = en;
			hasScannedForEncodings = 0;
			knownRegions = (
				Base,
				en,
			);
			mainGroup = EDD16E30217E827E92768453;
			productRefGroup = F038A4F946FF2ED4013F6898 /* Products */;
			projectDirPath = "";
			projectRoot = "";
			targets = (
				0622CE87ECAF140F11497188 /* Digging */,
			);
		};
/* End PBXProject section */

/* Begin PBXResourcesBuildPhase section */
		D416297E3EE6E7C3612D8122 /* Resources */ = {
			isa = PBXResourcesBuildPhase;
			buildActionMask = 2147483647;
			files = (
				7E5BAA795CADD92E019C52DF /* Assets.xcassets in Resources */,
				758D302883D168AE9BD14B63 /* LaunchScreen.storyboard in Resources */,
				3664C04CAA5567E4C0A78DC2 /* Preview Assets.xcassets in Resources */,
			);
			runOnlyForDeploymentPostprocessing = 0;
		};
/* End PBXResourcesBuildPhase section */

/* Begin PBXShellScriptBuildPhase section */
		2C949033DD1707DEBB8DFBEE /* Embed Precompiled Frameworks */ = {
			isa = PBXShellScriptBuildPhase;
			buildActionMask = 2147483647;
			files = (
			);
			inputPaths = (
			);
			name = "Embed Precompiled Frameworks";
			outputPaths = (
			);
			runOnlyForDeploymentPostprocessing = 0;
			shellPath = /bin/sh;
			shellScript = "echo \"Skipping, nothing to be embedded.\"";
		};
/* End PBXShellScriptBuildPhase section */

/* Begin PBXSourcesBuildPhase section */
		60AB93AC647FC0B0BC49E0FC /* Sources */ = {
			isa = PBXSourcesBuildPhase;
			buildActionMask = 2147483647;
			files = (
				66A2A8E6521D5BEEA3C33248 /* Assets+Digging.swift in Sources */,
				39170C7E0BD4655736215966 /* Bundle+Digging.swift in Sources */,
				ABE3359F784AB145EC3C5D74 /* AppDelegate.swift in Sources */,
				414F118E55293F0DFC4E9085 /* SceneDelegate.swift in Sources */,
				AEF37881513EFC0CC1636D21 /* DiggingFolderView.swift in Sources */,
				63660EB1A1D1AFB2AB3543B8 /* MainIdeaStorageView.swift in Sources */,
				007F443EE0009F64E6A234A8 /* MyDiggingView.swift in Sources */,
				6EA3A82AC5C3ACBD4DEF8A5A /* SearchDiggingView.swift in Sources */,
				433045115D2F351E6ABB9BB5 /* MainTabBarView.swift in Sources */,
			);
			runOnlyForDeploymentPostprocessing = 0;
		};
/* End PBXSourcesBuildPhase section */

/* Begin PBXVariantGroup section */
		FC223559501909541083C87C /* LaunchScreen.storyboard */ = {
			isa = PBXVariantGroup;
			children = (
				4A6DE74F37D8A36486C72DE5 /* Base */,
			);
			name = LaunchScreen.storyboard;
			sourceTree = "<group>";
		};
/* End PBXVariantGroup section */

/* Begin XCBuildConfiguration section */
		5BB3169DD18E0CE9BADA48BC /* Debug */ = {
			isa = XCBuildConfiguration;
			buildSettings = {
				ALWAYS_SEARCH_USER_PATHS = NO;
				CLANG_ANALYZER_NONNULL = YES;
				CLANG_ANALYZER_NUMBER_OBJECT_CONVERSION = YES_AGGRESSIVE;
				CLANG_CXX_LANGUAGE_STANDARD = "gnu++14";
				CLANG_CXX_LIBRARY = "libc++";
				CLANG_ENABLE_MODULES = YES;
				CLANG_ENABLE_OBJC_ARC = YES;
				CLANG_ENABLE_OBJC_WEAK = YES;
				CLANG_WARN_BLOCK_CAPTURE_AUTORELEASING = YES;
				CLANG_WARN_BOOL_CONVERSION = YES;
				CLANG_WARN_COMMA = YES;
				CLANG_WARN_CONSTANT_CONVERSION = YES;
				CLANG_WARN_DEPRECATED_OBJC_IMPLEMENTATIONS = YES;
				CLANG_WARN_DIRECT_OBJC_ISA_USAGE = YES_ERROR;
				CLANG_WARN_DOCUMENTATION_COMMENTS = YES;
				CLANG_WARN_EMPTY_BODY = YES;
				CLANG_WARN_ENUM_CONVERSION = YES;
				CLANG_WARN_INFINITE_RECURSION = YES;
				CLANG_WARN_INT_CONVERSION = YES;
				CLANG_WARN_NON_LITERAL_NULL_CONVERSION = YES;
				CLANG_WARN_OBJC_IMPLICIT_RETAIN_SELF = YES;
				CLANG_WARN_OBJC_LITERAL_CONVERSION = YES;
				CLANG_WARN_OBJC_ROOT_CLASS = YES_ERROR;
				CLANG_WARN_RANGE_LOOP_ANALYSIS = YES;
				CLANG_WARN_STRICT_PROTOTYPES = YES;
				CLANG_WARN_SUSPICIOUS_MOVE = YES;
				CLANG_WARN_UNGUARDED_AVAILABILITY = YES_AGGRESSIVE;
				CLANG_WARN_UNREACHABLE_CODE = YES;
				CLANG_WARN__DUPLICATE_METHOD_MATCH = YES;
				COPY_PHASE_STRIP = NO;
				DEBUG_INFORMATION_FORMAT = dwarf;
				ENABLE_STRICT_OBJC_MSGSEND = YES;
				ENABLE_TESTABILITY = YES;
				GCC_C_LANGUAGE_STANDARD = gnu11;
				GCC_DYNAMIC_NO_PIC = NO;
				GCC_NO_COMMON_BLOCKS = YES;
				GCC_OPTIMIZATION_LEVEL = 0;
				GCC_PREPROCESSOR_DEFINITIONS = (
					"DEBUG=1",
					"$(inherited)",
				);
				GCC_WARN_64_TO_32_BIT_CONVERSION = YES;
				GCC_WARN_ABOUT_RETURN_TYPE = YES_ERROR;
				GCC_WARN_UNDECLARED_SELECTOR = YES;
				GCC_WARN_UNINITIALIZED_AUTOS = YES_AGGRESSIVE;
				GCC_WARN_UNUSED_FUNCTION = YES;
				GCC_WARN_UNUSED_VARIABLE = YES;
				MTL_ENABLE_DEBUG_INFO = YES;
				ONLY_ACTIVE_ARCH = YES;
				PRODUCT_NAME = "$(TARGET_NAME)";
			};
			name = Debug;
		};
		8A249D90076AB549D60E2C0C /* Debug */ = {
			isa = XCBuildConfiguration;
			buildSettings = {
				ASSETCATALOG_COMPILER_APPICON_NAME = AppIcon;
				CODE_SIGN_IDENTITY = "iPhone Developer";
				ENABLE_PREVIEWS = YES;
				INFOPLIST_FILE = Digging/Info.plist;
				LD_RUNPATH_SEARCH_PATHS = (
					"$(inherited)",
					"@executable_path/Frameworks",
				);
				PRODUCT_BUNDLE_IDENTIFIER = com.oreo.ddd.Digging;
				PRODUCT_NAME = Digging;
				SDKROOT = iphoneos;
				SUPPORTED_PLATFORMS = "iphonesimulator iphoneos";
				SWIFT_ACTIVE_COMPILATION_CONDITIONS = DEBUG;
				SWIFT_COMPILATION_MODE = singlefile;
				SWIFT_OPTIMIZATION_LEVEL = "-Onone";
				SWIFT_VERSION = 5.3.2;
				TARGETED_DEVICE_FAMILY = "1,2";
			};
			name = Debug;
		};
		94327A608567C7A36D0348C4 /* Release */ = {
			isa = XCBuildConfiguration;
			buildSettings = {
				ASSETCATALOG_COMPILER_APPICON_NAME = AppIcon;
				CODE_SIGN_IDENTITY = "iPhone Developer";
				ENABLE_PREVIEWS = YES;
				INFOPLIST_FILE = Digging/Info.plist;
				LD_RUNPATH_SEARCH_PATHS = (
					"$(inherited)",
					"@executable_path/Frameworks",
				);
				PRODUCT_BUNDLE_IDENTIFIER = com.oreo.ddd.Digging;
				PRODUCT_NAME = Digging;
				SDKROOT = iphoneos;
				SUPPORTED_PLATFORMS = "iphonesimulator iphoneos";
				SWIFT_COMPILATION_MODE = wholemodule;
				SWIFT_OPTIMIZATION_LEVEL = "-Owholemodule";
				SWIFT_VERSION = 5.3.2;
				TARGETED_DEVICE_FAMILY = "1,2";
			};
			name = Release;
		};
		9A60B5157C0F3C5620B02971 /* Release */ = {
			isa = XCBuildConfiguration;
			buildSettings = {
				ALWAYS_SEARCH_USER_PATHS = NO;
				CLANG_ANALYZER_NONNULL = YES;
				CLANG_ANALYZER_NUMBER_OBJECT_CONVERSION = YES_AGGRESSIVE;
				CLANG_CXX_LANGUAGE_STANDARD = "gnu++14";
				CLANG_CXX_LIBRARY = "libc++";
				CLANG_ENABLE_MODULES = YES;
				CLANG_ENABLE_OBJC_ARC = YES;
				CLANG_ENABLE_OBJC_WEAK = YES;
				CLANG_WARN_BLOCK_CAPTURE_AUTORELEASING = YES;
				CLANG_WARN_BOOL_CONVERSION = YES;
				CLANG_WARN_COMMA = YES;
				CLANG_WARN_CONSTANT_CONVERSION = YES;
				CLANG_WARN_DEPRECATED_OBJC_IMPLEMENTATIONS = YES;
				CLANG_WARN_DIRECT_OBJC_ISA_USAGE = YES_ERROR;
				CLANG_WARN_DOCUMENTATION_COMMENTS = YES;
				CLANG_WARN_EMPTY_BODY = YES;
				CLANG_WARN_ENUM_CONVERSION = YES;
				CLANG_WARN_INFINITE_RECURSION = YES;
				CLANG_WARN_INT_CONVERSION = YES;
				CLANG_WARN_NON_LITERAL_NULL_CONVERSION = YES;
				CLANG_WARN_OBJC_IMPLICIT_RETAIN_SELF = YES;
				CLANG_WARN_OBJC_LITERAL_CONVERSION = YES;
				CLANG_WARN_OBJC_ROOT_CLASS = YES_ERROR;
				CLANG_WARN_RANGE_LOOP_ANALYSIS = YES;
				CLANG_WARN_STRICT_PROTOTYPES = YES;
				CLANG_WARN_SUSPICIOUS_MOVE = YES;
				CLANG_WARN_UNGUARDED_AVAILABILITY = YES_AGGRESSIVE;
				CLANG_WARN_UNREACHABLE_CODE = YES;
				CLANG_WARN__DUPLICATE_METHOD_MATCH = YES;
				COPY_PHASE_STRIP = NO;
				DEBUG_INFORMATION_FORMAT = "dwarf-with-dsym";
				ENABLE_NS_ASSERTIONS = NO;
				ENABLE_STRICT_OBJC_MSGSEND = YES;
				GCC_C_LANGUAGE_STANDARD = gnu11;
				GCC_NO_COMMON_BLOCKS = YES;
				GCC_WARN_64_TO_32_BIT_CONVERSION = YES;
				GCC_WARN_ABOUT_RETURN_TYPE = YES_ERROR;
				GCC_WARN_UNDECLARED_SELECTOR = YES;
				GCC_WARN_UNINITIALIZED_AUTOS = YES_AGGRESSIVE;
				GCC_WARN_UNUSED_FUNCTION = YES;
				GCC_WARN_UNUSED_VARIABLE = YES;
				MTL_ENABLE_DEBUG_INFO = NO;
				PRODUCT_NAME = "$(TARGET_NAME)";
				VALIDATE_PRODUCT = YES;
			};
			name = Release;
		};
/* End XCBuildConfiguration section */

/* Begin XCConfigurationList section */
		7B57BA7E92D1D8471212E1EC /* Build configuration list for PBXNativeTarget "Digging" */ = {
			isa = XCConfigurationList;
			buildConfigurations = (
				8A249D90076AB549D60E2C0C /* Debug */,
				94327A608567C7A36D0348C4 /* Release */,
			);
			defaultConfigurationIsVisible = 0;
			defaultConfigurationName = Release;
		};
		D2EF5AE6396E636CC18A4655 /* Build configuration list for PBXProject "Digging" */ = {
			isa = XCConfigurationList;
			buildConfigurations = (
				5BB3169DD18E0CE9BADA48BC /* Debug */,
				9A60B5157C0F3C5620B02971 /* Release */,
			);
			defaultConfigurationIsVisible = 0;
			defaultConfigurationName = Release;
		};
/* End XCConfigurationList section */
	};
	rootObject = E11ED29F62DD60B2478EC92D /* Project object */;
}
