// !$*UTF8*$!
{
	archiveVersion = 1;
	classes = {
	};
	objectVersion = 50;
	objects = {

/* Begin PBXBuildFile section */
		04B279D42619F3EB00DA50B4 /* MainTabBarView.swift in Sources */ = {isa = PBXBuildFile; fileRef = 04B279D32619F3EB00DA50B4 /* MainTabBarView.swift */; };
		04B279EA261A00A000DA50B4 /* MainIdeaStorageView.swift in Sources */ = {isa = PBXBuildFile; fileRef = 04B279E9261A00A000DA50B4 /* MainIdeaStorageView.swift */; };
		04B279F8261A249900DA50B4 /* SearchDiggingView.swift in Sources */ = {isa = PBXBuildFile; fileRef = 04B279F7261A249900DA50B4 /* SearchDiggingView.swift */; };
		04B279FD261A254600DA50B4 /* MyDiggingView.swift in Sources */ = {isa = PBXBuildFile; fileRef = 04B279FC261A254600DA50B4 /* MyDiggingView.swift */; };
		04B27A09261A29AD00DA50B4 /* DiggingFolderView.swift in Sources */ = {isa = PBXBuildFile; fileRef = 04B27A08261A29AD00DA50B4 /* DiggingFolderView.swift */; };
		04F7591B2616E41B008C0295 /* AppDelegate.swift in Sources */ = {isa = PBXBuildFile; fileRef = 04F7591A2616E41B008C0295 /* AppDelegate.swift */; };
		04F7591D2616E41B008C0295 /* SceneDelegate.swift in Sources */ = {isa = PBXBuildFile; fileRef = 04F7591C2616E41B008C0295 /* SceneDelegate.swift */; };
		04F759212616E41D008C0295 /* Assets.xcassets in Resources */ = {isa = PBXBuildFile; fileRef = 04F759202616E41D008C0295 /* Assets.xcassets */; };
		04F759242616E41D008C0295 /* Preview Assets.xcassets in Resources */ = {isa = PBXBuildFile; fileRef = 04F759232616E41D008C0295 /* Preview Assets.xcassets */; };
		04F759272616E41D008C0295 /* LaunchScreen.storyboard in Resources */ = {isa = PBXBuildFile; fileRef = 04F759252616E41D008C0295 /* LaunchScreen.storyboard */; };
		04F759322616E41D008C0295 /* DiggingTests.swift in Sources */ = {isa = PBXBuildFile; fileRef = 04F759312616E41D008C0295 /* DiggingTests.swift */; };
		04F7593D2616E41D008C0295 /* DiggingUITests.swift in Sources */ = {isa = PBXBuildFile; fileRef = 04F7593C2616E41D008C0295 /* DiggingUITests.swift */; };
/* End PBXBuildFile section */

/* Begin PBXContainerItemProxy section */
		04F7592E2616E41D008C0295 /* PBXContainerItemProxy */ = {
			isa = PBXContainerItemProxy;
			containerPortal = 04F7590F2616E41B008C0295 /* Project object */;
			proxyType = 1;
			remoteGlobalIDString = 04F759162616E41B008C0295;
			remoteInfo = Digging;
		};
		04F759392616E41D008C0295 /* PBXContainerItemProxy */ = {
			isa = PBXContainerItemProxy;
			containerPortal = 04F7590F2616E41B008C0295 /* Project object */;
			proxyType = 1;
			remoteGlobalIDString = 04F759162616E41B008C0295;
			remoteInfo = Digging;
		};
/* End PBXContainerItemProxy section */

/* Begin PBXFileReference section */
		04B279D32619F3EB00DA50B4 /* MainTabBarView.swift */ = {isa = PBXFileReference; lastKnownFileType = sourcecode.swift; path = MainTabBarView.swift; sourceTree = "<group>"; };
		04B279E9261A00A000DA50B4 /* MainIdeaStorageView.swift */ = {isa = PBXFileReference; lastKnownFileType = sourcecode.swift; path = MainIdeaStorageView.swift; sourceTree = "<group>"; };
		04B279F7261A249900DA50B4 /* SearchDiggingView.swift */ = {isa = PBXFileReference; lastKnownFileType = sourcecode.swift; path = SearchDiggingView.swift; sourceTree = "<group>"; };
		04B279FC261A254600DA50B4 /* MyDiggingView.swift */ = {isa = PBXFileReference; lastKnownFileType = sourcecode.swift; path = MyDiggingView.swift; sourceTree = "<group>"; };
		04B27A08261A29AD00DA50B4 /* DiggingFolderView.swift */ = {isa = PBXFileReference; lastKnownFileType = sourcecode.swift; path = DiggingFolderView.swift; sourceTree = "<group>"; };
		04F759172616E41B008C0295 /* Digging.app */ = {isa = PBXFileReference; explicitFileType = wrapper.application; includeInIndex = 0; path = Digging.app; sourceTree = BUILT_PRODUCTS_DIR; };
		04F7591A2616E41B008C0295 /* AppDelegate.swift */ = {isa = PBXFileReference; lastKnownFileType = sourcecode.swift; path = AppDelegate.swift; sourceTree = "<group>"; };
		04F7591C2616E41B008C0295 /* SceneDelegate.swift */ = {isa = PBXFileReference; lastKnownFileType = sourcecode.swift; path = SceneDelegate.swift; sourceTree = "<group>"; };
		04F759202616E41D008C0295 /* Assets.xcassets */ = {isa = PBXFileReference; lastKnownFileType = folder.assetcatalog; path = Assets.xcassets; sourceTree = "<group>"; };
		04F759232616E41D008C0295 /* Preview Assets.xcassets */ = {isa = PBXFileReference; lastKnownFileType = folder.assetcatalog; path = "Preview Assets.xcassets"; sourceTree = "<group>"; };
		04F759262616E41D008C0295 /* Base */ = {isa = PBXFileReference; lastKnownFileType = file.storyboard; name = Base; path = Base.lproj/LaunchScreen.storyboard; sourceTree = "<group>"; };
		04F759282616E41D008C0295 /* Info.plist */ = {isa = PBXFileReference; lastKnownFileType = text.plist.xml; path = Info.plist; sourceTree = "<group>"; };
		04F7592D2616E41D008C0295 /* DiggingTests.xctest */ = {isa = PBXFileReference; explicitFileType = wrapper.cfbundle; includeInIndex = 0; path = DiggingTests.xctest; sourceTree = BUILT_PRODUCTS_DIR; };
		04F759312616E41D008C0295 /* DiggingTests.swift */ = {isa = PBXFileReference; lastKnownFileType = sourcecode.swift; path = DiggingTests.swift; sourceTree = "<group>"; };
		04F759332616E41D008C0295 /* Info.plist */ = {isa = PBXFileReference; lastKnownFileType = text.plist.xml; path = Info.plist; sourceTree = "<group>"; };
		04F759382616E41D008C0295 /* DiggingUITests.xctest */ = {isa = PBXFileReference; explicitFileType = wrapper.cfbundle; includeInIndex = 0; path = DiggingUITests.xctest; sourceTree = BUILT_PRODUCTS_DIR; };
		04F7593C2616E41D008C0295 /* DiggingUITests.swift */ = {isa = PBXFileReference; lastKnownFileType = sourcecode.swift; path = DiggingUITests.swift; sourceTree = "<group>"; };
		04F7593E2616E41D008C0295 /* Info.plist */ = {isa = PBXFileReference; lastKnownFileType = text.plist.xml; path = Info.plist; sourceTree = "<group>"; };
/* End PBXFileReference section */

/* Begin PBXFrameworksBuildPhase section */
		04F759142616E41B008C0295 /* Frameworks */ = {
			isa = PBXFrameworksBuildPhase;
			buildActionMask = 2147483647;
			files = (
			);
			runOnlyForDeploymentPostprocessing = 0;
		};
		04F7592A2616E41D008C0295 /* Frameworks */ = {
			isa = PBXFrameworksBuildPhase;
			buildActionMask = 2147483647;
			files = (
			);
			runOnlyForDeploymentPostprocessing = 0;
		};
		04F759352616E41D008C0295 /* Frameworks */ = {
			isa = PBXFrameworksBuildPhase;
			buildActionMask = 2147483647;
			files = (
			);
			runOnlyForDeploymentPostprocessing = 0;
		};
/* End PBXFrameworksBuildPhase section */

/* Begin PBXGroup section */
		04B279DD2619FCB700DA50B4 /* Views */ = {
			isa = PBXGroup;
			children = (
				04B27A02261A259F00DA50B4 /* MyDigging */,
				04B27A01261A258E00DA50B4 /* SearchDigging */,
				04B279E8261A008200DA50B4 /* MainIdeaStorage */,
				04B279E7261A005B00DA50B4 /* TabBar */,
			);
			path = Views;
			sourceTree = "<group>";
		};
		04B279E7261A005B00DA50B4 /* TabBar */ = {
			isa = PBXGroup;
			children = (
				04B279D32619F3EB00DA50B4 /* MainTabBarView.swift */,
			);
			path = TabBar;
			sourceTree = "<group>";
		};
		04B279E8261A008200DA50B4 /* MainIdeaStorage */ = {
			isa = PBXGroup;
			children = (
				04B27A07261A299000DA50B4 /* FolderView */,
				04B279E9261A00A000DA50B4 /* MainIdeaStorageView.swift */,
			);
			path = MainIdeaStorage;
			sourceTree = "<group>";
		};
		04B27A01261A258E00DA50B4 /* SearchDigging */ = {
			isa = PBXGroup;
			children = (
				04B279F7261A249900DA50B4 /* SearchDiggingView.swift */,
			);
			path = SearchDigging;
			sourceTree = "<group>";
		};
		04B27A02261A259F00DA50B4 /* MyDigging */ = {
			isa = PBXGroup;
			children = (
				04B279FC261A254600DA50B4 /* MyDiggingView.swift */,
			);
			path = MyDigging;
			sourceTree = "<group>";
		};
		04B27A07261A299000DA50B4 /* FolderView */ = {
			isa = PBXGroup;
			children = (
				04B27A08261A29AD00DA50B4 /* DiggingFolderView.swift */,
			);
			path = FolderView;
			sourceTree = "<group>";
		};
		04B27A10261A2B0C00DA50B4 /* Models */ = {
			isa = PBXGroup;
			children = (
			);
			path = Models;
			sourceTree = "<group>";
		};
		04F7590E2616E41B008C0295 = {
			isa = PBXGroup;
			children = (
				04F759192616E41B008C0295 /* Digging */,
				04F759302616E41D008C0295 /* DiggingTests */,
				04F7593B2616E41D008C0295 /* DiggingUITests */,
				04F759182616E41B008C0295 /* Products */,
			);
			sourceTree = "<group>";
		};
		04F759182616E41B008C0295 /* Products */ = {
			isa = PBXGroup;
			children = (
				04F759172616E41B008C0295 /* Digging.app */,
				04F7592D2616E41D008C0295 /* DiggingTests.xctest */,
				04F759382616E41D008C0295 /* DiggingUITests.xctest */,
			);
			name = Products;
			sourceTree = "<group>";
		};
		04F759192616E41B008C0295 /* Digging */ = {
			isa = PBXGroup;
			children = (
				04B27A10261A2B0C00DA50B4 /* Models */,
				04B279DD2619FCB700DA50B4 /* Views */,
				04F7591A2616E41B008C0295 /* AppDelegate.swift */,
				04F7591C2616E41B008C0295 /* SceneDelegate.swift */,
				04F759202616E41D008C0295 /* Assets.xcassets */,
				04F759252616E41D008C0295 /* LaunchScreen.storyboard */,
				04F759282616E41D008C0295 /* Info.plist */,
				04F759222616E41D008C0295 /* Preview Content */,
			);
			path = Digging;
			sourceTree = "<group>";
		};
		04F759222616E41D008C0295 /* Preview Content */ = {
			isa = PBXGroup;
			children = (
				04F759232616E41D008C0295 /* Preview Assets.xcassets */,
			);
			path = "Preview Content";
			sourceTree = "<group>";
		};
		04F759302616E41D008C0295 /* DiggingTests */ = {
			isa = PBXGroup;
			children = (
				04F759312616E41D008C0295 /* DiggingTests.swift */,
				04F759332616E41D008C0295 /* Info.plist */,
			);
			path = DiggingTests;
			sourceTree = "<group>";
		};
		04F7593B2616E41D008C0295 /* DiggingUITests */ = {
			isa = PBXGroup;
			children = (
				04F7593C2616E41D008C0295 /* DiggingUITests.swift */,
				04F7593E2616E41D008C0295 /* Info.plist */,
			);
			path = DiggingUITests;
			sourceTree = "<group>";
		};
/* End PBXGroup section */

/* Begin PBXNativeTarget section */
		04F759162616E41B008C0295 /* Digging */ = {
			isa = PBXNativeTarget;
			buildConfigurationList = 04F759412616E41D008C0295 /* Build configuration list for PBXNativeTarget "Digging" */;
			buildPhases = (
				04F759132616E41B008C0295 /* Sources */,
				04F759142616E41B008C0295 /* Frameworks */,
				04F759152616E41B008C0295 /* Resources */,
			);
			buildRules = (
			);
			dependencies = (
			);
			name = Digging;
			productName = Digging;
			productReference = 04F759172616E41B008C0295 /* Digging.app */;
			productType = "com.apple.product-type.application";
		};
		04F7592C2616E41D008C0295 /* DiggingTests */ = {
			isa = PBXNativeTarget;
			buildConfigurationList = 04F759442616E41D008C0295 /* Build configuration list for PBXNativeTarget "DiggingTests" */;
			buildPhases = (
				04F759292616E41D008C0295 /* Sources */,
				04F7592A2616E41D008C0295 /* Frameworks */,
				04F7592B2616E41D008C0295 /* Resources */,
			);
			buildRules = (
			);
			dependencies = (
				04F7592F2616E41D008C0295 /* PBXTargetDependency */,
			);
			name = DiggingTests;
			productName = DiggingTests;
			productReference = 04F7592D2616E41D008C0295 /* DiggingTests.xctest */;
			productType = "com.apple.product-type.bundle.unit-test";
		};
		04F759372616E41D008C0295 /* DiggingUITests */ = {
			isa = PBXNativeTarget;
			buildConfigurationList = 04F759472616E41D008C0295 /* Build configuration list for PBXNativeTarget "DiggingUITests" */;
			buildPhases = (
				04F759342616E41D008C0295 /* Sources */,
				04F759352616E41D008C0295 /* Frameworks */,
				04F759362616E41D008C0295 /* Resources */,
			);
			buildRules = (
			);
			dependencies = (
				04F7593A2616E41D008C0295 /* PBXTargetDependency */,
			);
			name = DiggingUITests;
			productName = DiggingUITests;
			productReference = 04F759382616E41D008C0295 /* DiggingUITests.xctest */;
			productType = "com.apple.product-type.bundle.ui-testing";
		};
/* End PBXNativeTarget section */

/* Begin PBXProject section */
		04F7590F2616E41B008C0295 /* Project object */ = {
			isa = PBXProject;
			attributes = {
				LastSwiftUpdateCheck = 1230;
				LastUpgradeCheck = 1230;
				TargetAttributes = {
					04F759162616E41B008C0295 = {
						CreatedOnToolsVersion = 12.3;
					};
					04F7592C2616E41D008C0295 = {
						CreatedOnToolsVersion = 12.3;
						TestTargetID = 04F759162616E41B008C0295;
					};
					04F759372616E41D008C0295 = {
						CreatedOnToolsVersion = 12.3;
						TestTargetID = 04F759162616E41B008C0295;
					};
				};
			};
			buildConfigurationList = 04F759122616E41B008C0295 /* Build configuration list for PBXProject "Digging" */;
			compatibilityVersion = "Xcode 9.3";
			developmentRegion = en;
			hasScannedForEncodings = 0;
			knownRegions = (
				en,
				Base,
			);
			mainGroup = 04F7590E2616E41B008C0295;
			productRefGroup = 04F759182616E41B008C0295 /* Products */;
			projectDirPath = "";
			projectRoot = "";
			targets = (
				04F759162616E41B008C0295 /* Digging */,
				04F7592C2616E41D008C0295 /* DiggingTests */,
				04F759372616E41D008C0295 /* DiggingUITests */,
			);
		};
/* End PBXProject section */

/* Begin PBXResourcesBuildPhase section */
		04F759152616E41B008C0295 /* Resources */ = {
			isa = PBXResourcesBuildPhase;
			buildActionMask = 2147483647;
			files = (
				04F759272616E41D008C0295 /* LaunchScreen.storyboard in Resources */,
				04F759242616E41D008C0295 /* Preview Assets.xcassets in Resources */,
				04F759212616E41D008C0295 /* Assets.xcassets in Resources */,
			);
			runOnlyForDeploymentPostprocessing = 0;
		};
		04F7592B2616E41D008C0295 /* Resources */ = {
			isa = PBXResourcesBuildPhase;
			buildActionMask = 2147483647;
			files = (
			);
			runOnlyForDeploymentPostprocessing = 0;
		};
		04F759362616E41D008C0295 /* Resources */ = {
			isa = PBXResourcesBuildPhase;
			buildActionMask = 2147483647;
			files = (
			);
			runOnlyForDeploymentPostprocessing = 0;
		};
/* End PBXResourcesBuildPhase section */

/* Begin PBXSourcesBuildPhase section */
		04F759132616E41B008C0295 /* Sources */ = {
			isa = PBXSourcesBuildPhase;
			buildActionMask = 2147483647;
			files = (
				04B279EA261A00A000DA50B4 /* MainIdeaStorageView.swift in Sources */,
				04F7591B2616E41B008C0295 /* AppDelegate.swift in Sources */,
				04B279F8261A249900DA50B4 /* SearchDiggingView.swift in Sources */,
				04F7591D2616E41B008C0295 /* SceneDelegate.swift in Sources */,
				04B27A09261A29AD00DA50B4 /* DiggingFolderView.swift in Sources */,
				04B279FD261A254600DA50B4 /* MyDiggingView.swift in Sources */,
				04B279D42619F3EB00DA50B4 /* MainTabBarView.swift in Sources */,
			);
			runOnlyForDeploymentPostprocessing = 0;
		};
		04F759292616E41D008C0295 /* Sources */ = {
			isa = PBXSourcesBuildPhase;
			buildActionMask = 2147483647;
			files = (
				04F759322616E41D008C0295 /* DiggingTests.swift in Sources */,
			);
			runOnlyForDeploymentPostprocessing = 0;
		};
		04F759342616E41D008C0295 /* Sources */ = {
			isa = PBXSourcesBuildPhase;
			buildActionMask = 2147483647;
			files = (
				04F7593D2616E41D008C0295 /* DiggingUITests.swift in Sources */,
			);
			runOnlyForDeploymentPostprocessing = 0;
		};
/* End PBXSourcesBuildPhase section */

/* Begin PBXTargetDependency section */
		04F7592F2616E41D008C0295 /* PBXTargetDependency */ = {
			isa = PBXTargetDependency;
			target = 04F759162616E41B008C0295 /* Digging */;
			targetProxy = 04F7592E2616E41D008C0295 /* PBXContainerItemProxy */;
		};
		04F7593A2616E41D008C0295 /* PBXTargetDependency */ = {
			isa = PBXTargetDependency;
			target = 04F759162616E41B008C0295 /* Digging */;
			targetProxy = 04F759392616E41D008C0295 /* PBXContainerItemProxy */;
		};
/* End PBXTargetDependency section */

/* Begin PBXVariantGroup section */
		04F759252616E41D008C0295 /* LaunchScreen.storyboard */ = {
			isa = PBXVariantGroup;
			children = (
				04F759262616E41D008C0295 /* Base */,
			);
			name = LaunchScreen.storyboard;
			sourceTree = "<group>";
		};
/* End PBXVariantGroup section */

/* Begin XCBuildConfiguration section */
		04F7593F2616E41D008C0295 /* Debug */ = {
			isa = XCBuildConfiguration;
			buildSettings = {
				ALWAYS_SEARCH_USER_PATHS = NO;
				CLANG_ANALYZER_NONNULL = YES;
				CLANG_ANALYZER_NUMBER_OBJECT_CONVERSION = YES_AGGRESSIVE;
				CLANG_CXX_LANGUAGE_STANDARD = "gnu++14";
				CLANG_CXX_LIBRARY = "libc++";
				CLANG_ENABLE_MODULES = YES;
				CLANG_ENABLE_OBJC_ARC = YES;
				CLANG_ENABLE_OBJC_WEAK = YES;
				CLANG_WARN_BLOCK_CAPTURE_AUTORELEASING = YES;
				CLANG_WARN_BOOL_CONVERSION = YES;
				CLANG_WARN_COMMA = YES;
				CLANG_WARN_CONSTANT_CONVERSION = YES;
				CLANG_WARN_DEPRECATED_OBJC_IMPLEMENTATIONS = YES;
				CLANG_WARN_DIRECT_OBJC_ISA_USAGE = YES_ERROR;
				CLANG_WARN_DOCUMENTATION_COMMENTS = YES;
				CLANG_WARN_EMPTY_BODY = YES;
				CLANG_WARN_ENUM_CONVERSION = YES;
				CLANG_WARN_INFINITE_RECURSION = YES;
				CLANG_WARN_INT_CONVERSION = YES;
				CLANG_WARN_NON_LITERAL_NULL_CONVERSION = YES;
				CLANG_WARN_OBJC_IMPLICIT_RETAIN_SELF = YES;
				CLANG_WARN_OBJC_LITERAL_CONVERSION = YES;
				CLANG_WARN_OBJC_ROOT_CLASS = YES_ERROR;
				CLANG_WARN_QUOTED_INCLUDE_IN_FRAMEWORK_HEADER = YES;
				CLANG_WARN_RANGE_LOOP_ANALYSIS = YES;
				CLANG_WARN_STRICT_PROTOTYPES = YES;
				CLANG_WARN_SUSPICIOUS_MOVE = YES;
				CLANG_WARN_UNGUARDED_AVAILABILITY = YES_AGGRESSIVE;
				CLANG_WARN_UNREACHABLE_CODE = YES;
				CLANG_WARN__DUPLICATE_METHOD_MATCH = YES;
				COPY_PHASE_STRIP = NO;
				DEBUG_INFORMATION_FORMAT = dwarf;
				ENABLE_STRICT_OBJC_MSGSEND = YES;
				ENABLE_TESTABILITY = YES;
				GCC_C_LANGUAGE_STANDARD = gnu11;
				GCC_DYNAMIC_NO_PIC = NO;
				GCC_NO_COMMON_BLOCKS = YES;
				GCC_OPTIMIZATION_LEVEL = 0;
				GCC_PREPROCESSOR_DEFINITIONS = (
					"DEBUG=1",
					"$(inherited)",
				);
				GCC_WARN_64_TO_32_BIT_CONVERSION = YES;
				GCC_WARN_ABOUT_RETURN_TYPE = YES_ERROR;
				GCC_WARN_UNDECLARED_SELECTOR = YES;
				GCC_WARN_UNINITIALIZED_AUTOS = YES_AGGRESSIVE;
				GCC_WARN_UNUSED_FUNCTION = YES;
				GCC_WARN_UNUSED_VARIABLE = YES;
				IPHONEOS_DEPLOYMENT_TARGET = 14.3;
				MTL_ENABLE_DEBUG_INFO = INCLUDE_SOURCE;
				MTL_FAST_MATH = YES;
				ONLY_ACTIVE_ARCH = YES;
				SDKROOT = iphoneos;
				SWIFT_ACTIVE_COMPILATION_CONDITIONS = DEBUG;
				SWIFT_OPTIMIZATION_LEVEL = "-Onone";
			};
			name = Debug;
		};
		04F759402616E41D008C0295 /* Release */ = {
			isa = XCBuildConfiguration;
			buildSettings = {
				ALWAYS_SEARCH_USER_PATHS = NO;
				CLANG_ANALYZER_NONNULL = YES;
				CLANG_ANALYZER_NUMBER_OBJECT_CONVERSION = YES_AGGRESSIVE;
				CLANG_CXX_LANGUAGE_STANDARD = "gnu++14";
				CLANG_CXX_LIBRARY = "libc++";
				CLANG_ENABLE_MODULES = YES;
				CLANG_ENABLE_OBJC_ARC = YES;
				CLANG_ENABLE_OBJC_WEAK = YES;
				CLANG_WARN_BLOCK_CAPTURE_AUTORELEASING = YES;
				CLANG_WARN_BOOL_CONVERSION = YES;
				CLANG_WARN_COMMA = YES;
				CLANG_WARN_CONSTANT_CONVERSION = YES;
				CLANG_WARN_DEPRECATED_OBJC_IMPLEMENTATIONS = YES;
				CLANG_WARN_DIRECT_OBJC_ISA_USAGE = YES_ERROR;
				CLANG_WARN_DOCUMENTATION_COMMENTS = YES;
				CLANG_WARN_EMPTY_BODY = YES;
				CLANG_WARN_ENUM_CONVERSION = YES;
				CLANG_WARN_INFINITE_RECURSION = YES;
				CLANG_WARN_INT_CONVERSION = YES;
				CLANG_WARN_NON_LITERAL_NULL_CONVERSION = YES;
				CLANG_WARN_OBJC_IMPLICIT_RETAIN_SELF = YES;
				CLANG_WARN_OBJC_LITERAL_CONVERSION = YES;
				CLANG_WARN_OBJC_ROOT_CLASS = YES_ERROR;
				CLANG_WARN_QUOTED_INCLUDE_IN_FRAMEWORK_HEADER = YES;
				CLANG_WARN_RANGE_LOOP_ANALYSIS = YES;
				CLANG_WARN_STRICT_PROTOTYPES = YES;
				CLANG_WARN_SUSPICIOUS_MOVE = YES;
				CLANG_WARN_UNGUARDED_AVAILABILITY = YES_AGGRESSIVE;
				CLANG_WARN_UNREACHABLE_CODE = YES;
				CLANG_WARN__DUPLICATE_METHOD_MATCH = YES;
				COPY_PHASE_STRIP = NO;
				DEBUG_INFORMATION_FORMAT = "dwarf-with-dsym";
				ENABLE_NS_ASSERTIONS = NO;
				ENABLE_STRICT_OBJC_MSGSEND = YES;
				GCC_C_LANGUAGE_STANDARD = gnu11;
				GCC_NO_COMMON_BLOCKS = YES;
				GCC_WARN_64_TO_32_BIT_CONVERSION = YES;
				GCC_WARN_ABOUT_RETURN_TYPE = YES_ERROR;
				GCC_WARN_UNDECLARED_SELECTOR = YES;
				GCC_WARN_UNINITIALIZED_AUTOS = YES_AGGRESSIVE;
				GCC_WARN_UNUSED_FUNCTION = YES;
				GCC_WARN_UNUSED_VARIABLE = YES;
				IPHONEOS_DEPLOYMENT_TARGET = 14.3;
				MTL_ENABLE_DEBUG_INFO = NO;
				MTL_FAST_MATH = YES;
				SDKROOT = iphoneos;
				SWIFT_COMPILATION_MODE = wholemodule;
				SWIFT_OPTIMIZATION_LEVEL = "-O";
				VALIDATE_PRODUCT = YES;
			};
			name = Release;
		};
		04F759422616E41D008C0295 /* Debug */ = {
			isa = XCBuildConfiguration;
			buildSettings = {
				ASSETCATALOG_COMPILER_APPICON_NAME = AppIcon;
				ASSETCATALOG_COMPILER_GLOBAL_ACCENT_COLOR_NAME = AccentColor;
				CODE_SIGN_STYLE = Automatic;
				DEVELOPMENT_ASSET_PATHS = "\"Digging/Preview Content\"";
				DEVELOPMENT_TEAM = 67SBNF2QS6;
				ENABLE_PREVIEWS = YES;
				INFOPLIST_FILE = Digging/Info.plist;
				LD_RUNPATH_SEARCH_PATHS = (
					"$(inherited)",
					"@executable_path/Frameworks",
				);
				PRODUCT_BUNDLE_IDENTIFIER = com.oreo.ddd.Digging;
				PRODUCT_NAME = "$(TARGET_NAME)";
				SWIFT_VERSION = 5.0;
				TARGETED_DEVICE_FAMILY = "1,2";
			};
			name = Debug;
		};
		04F759432616E41D008C0295 /* Release */ = {
			isa = XCBuildConfiguration;
			buildSettings = {
				ASSETCATALOG_COMPILER_APPICON_NAME = AppIcon;
				ASSETCATALOG_COMPILER_GLOBAL_ACCENT_COLOR_NAME = AccentColor;
				CODE_SIGN_STYLE = Automatic;
				DEVELOPMENT_ASSET_PATHS = "\"Digging/Preview Content\"";
				DEVELOPMENT_TEAM = 67SBNF2QS6;
				ENABLE_PREVIEWS = YES;
				INFOPLIST_FILE = Digging/Info.plist;
				LD_RUNPATH_SEARCH_PATHS = (
					"$(inherited)",
					"@executable_path/Frameworks",
				);
				PRODUCT_BUNDLE_IDENTIFIER = com.oreo.ddd.Digging;
				PRODUCT_NAME = "$(TARGET_NAME)";
				SWIFT_VERSION = 5.0;
				TARGETED_DEVICE_FAMILY = "1,2";
			};
			name = Release;
		};
		04F759452616E41D008C0295 /* Debug */ = {
			isa = XCBuildConfiguration;
			buildSettings = {
				ALWAYS_EMBED_SWIFT_STANDARD_LIBRARIES = YES;
				BUNDLE_LOADER = "$(TEST_HOST)";
				CODE_SIGN_STYLE = Automatic;
				DEVELOPMENT_TEAM = 67SBNF2QS6;
				INFOPLIST_FILE = DiggingTests/Info.plist;
				IPHONEOS_DEPLOYMENT_TARGET = 14.3;
				LD_RUNPATH_SEARCH_PATHS = (
					"$(inherited)",
					"@executable_path/Frameworks",
					"@loader_path/Frameworks",
				);
				PRODUCT_BUNDLE_IDENTIFIER = com.oreo.ddd.DiggingTests;
				PRODUCT_NAME = "$(TARGET_NAME)";
				SWIFT_VERSION = 5.0;
				TARGETED_DEVICE_FAMILY = "1,2";
				TEST_HOST = "$(BUILT_PRODUCTS_DIR)/Digging.app/Digging";
			};
			name = Debug;
		};
		04F759462616E41D008C0295 /* Release */ = {
			isa = XCBuildConfiguration;
			buildSettings = {
				ALWAYS_EMBED_SWIFT_STANDARD_LIBRARIES = YES;
				BUNDLE_LOADER = "$(TEST_HOST)";
				CODE_SIGN_STYLE = Automatic;
				DEVELOPMENT_TEAM = 67SBNF2QS6;
				INFOPLIST_FILE = DiggingTests/Info.plist;
				IPHONEOS_DEPLOYMENT_TARGET = 14.3;
				LD_RUNPATH_SEARCH_PATHS = (
					"$(inherited)",
					"@executable_path/Frameworks",
					"@loader_path/Frameworks",
				);
				PRODUCT_BUNDLE_IDENTIFIER = com.oreo.ddd.DiggingTests;
				PRODUCT_NAME = "$(TARGET_NAME)";
				SWIFT_VERSION = 5.0;
				TARGETED_DEVICE_FAMILY = "1,2";
				TEST_HOST = "$(BUILT_PRODUCTS_DIR)/Digging.app/Digging";
			};
			name = Release;
		};
		04F759482616E41D008C0295 /* Debug */ = {
			isa = XCBuildConfiguration;
			buildSettings = {
				ALWAYS_EMBED_SWIFT_STANDARD_LIBRARIES = YES;
				CODE_SIGN_STYLE = Automatic;
				DEVELOPMENT_TEAM = 67SBNF2QS6;
				INFOPLIST_FILE = DiggingUITests/Info.plist;
				LD_RUNPATH_SEARCH_PATHS = (
					"$(inherited)",
					"@executable_path/Frameworks",
					"@loader_path/Frameworks",
				);
				PRODUCT_BUNDLE_IDENTIFIER = com.oreo.ddd.DiggingUITests;
				PRODUCT_NAME = "$(TARGET_NAME)";
				SWIFT_VERSION = 5.0;
				TARGETED_DEVICE_FAMILY = "1,2";
				TEST_TARGET_NAME = Digging;
			};
			name = Debug;
		};
		04F759492616E41D008C0295 /* Release */ = {
			isa = XCBuildConfiguration;
			buildSettings = {
				ALWAYS_EMBED_SWIFT_STANDARD_LIBRARIES = YES;
				CODE_SIGN_STYLE = Automatic;
				DEVELOPMENT_TEAM = 67SBNF2QS6;
				INFOPLIST_FILE = DiggingUITests/Info.plist;
				LD_RUNPATH_SEARCH_PATHS = (
					"$(inherited)",
					"@executable_path/Frameworks",
					"@loader_path/Frameworks",
				);
				PRODUCT_BUNDLE_IDENTIFIER = com.oreo.ddd.DiggingUITests;
				PRODUCT_NAME = "$(TARGET_NAME)";
				SWIFT_VERSION = 5.0;
				TARGETED_DEVICE_FAMILY = "1,2";
				TEST_TARGET_NAME = Digging;
			};
			name = Release;
		};
/* End XCBuildConfiguration section */

/* Begin XCConfigurationList section */
		04F759122616E41B008C0295 /* Build configuration list for PBXProject "Digging" */ = {
			isa = XCConfigurationList;
			buildConfigurations = (
				04F7593F2616E41D008C0295 /* Debug */,
				04F759402616E41D008C0295 /* Release */,
			);
			defaultConfigurationIsVisible = 0;
			defaultConfigurationName = Release;
		};
		04F759412616E41D008C0295 /* Build configuration list for PBXNativeTarget "Digging" */ = {
			isa = XCConfigurationList;
			buildConfigurations = (
				04F759422616E41D008C0295 /* Debug */,
				04F759432616E41D008C0295 /* Release */,
			);
			defaultConfigurationIsVisible = 0;
			defaultConfigurationName = Release;
		};
		04F759442616E41D008C0295 /* Build configuration list for PBXNativeTarget "DiggingTests" */ = {
			isa = XCConfigurationList;
			buildConfigurations = (
				04F759452616E41D008C0295 /* Debug */,
				04F759462616E41D008C0295 /* Release */,
			);
			defaultConfigurationIsVisible = 0;
			defaultConfigurationName = Release;
		};
		04F759472616E41D008C0295 /* Build configuration list for PBXNativeTarget "DiggingUITests" */ = {
			isa = XCConfigurationList;
			buildConfigurations = (
				04F759482616E41D008C0295 /* Debug */,
				04F759492616E41D008C0295 /* Release */,
			);
			defaultConfigurationIsVisible = 0;
			defaultConfigurationName = Release;
		};
/* End XCConfigurationList section */
	};
	rootObject = 04F7590F2616E41B008C0295 /* Project object */;
}
